
Microsoft Visual Studio Solution File, Format Version 10.00
# Visual Studio 2008
Project("{FAE04EC0-301F-11D3-BF4B-00C04F79EFBC}") = "AksesFirebirdEmbedded", "AksesFirebirdEmbedded.csproj", "{AC568EFD-22FE-4D00-A581-447402D43D1D}"
EndProject
Global
	GlobalSection(SolutionConfigurationPlatforms) = preSolution
		Debug|Any CPU = Debug|Any CPU
		Release|Any CPU = Release|Any CPU
	EndGlobalSection
	GlobalSection(ProjectConfigurationPlatforms) = postSolution
		{AC568EFD-22FE-4D00-A581-447402D43D1D}.Debug|Any CPU.ActiveCfg = Debug|x86
		{AC568EFD-22FE-4D00-A581-447402D43D1D}.Debug|Any CPU.Build.0 = Debug|x86
		{AC568EFD-22FE-4D00-A581-447402D43D1D}.Release|Any CPU.ActiveCfg = Release|Any CPU
		{AC568EFD-22FE-4D00-A581-447402D43D1D}.Release|Any CPU.Build.0 = Release|Any CPU
	EndGlobalSection
	GlobalSection(SolutionProperties) = preSolution
		HideSolutionNode = FALSE
	EndGlobalSection
EndGlobal
